
Microsoft Visual Studio Solution File, Format Version 12.00
# Visual Studio Version 16
VisualStudioVersion = 16.0.31729.503
MinimumVisualStudioVersion = 10.0.40219.1
Project("{FAE04EC0-301F-11D3-BF4B-00C04F79EFBC}") = "82-Comparar2Numeros", "82-Comparar2Numeros.csproj", "{CDC172ED-5092-41B8-AE56-52A978EF7D7D}"
EndProject
Global
	GlobalSection(SolutionConfigurationPlatforms) = preSolution
		Debug|Any CPU = Debug|Any CPU
		Release|Any CPU = Release|Any CPU
	EndGlobalSection
	GlobalSection(ProjectConfigurationPlatforms) = postSolution
		{CDC172ED-5092-41B8-AE56-52A978EF7D7D}.Debug|Any CPU.ActiveCfg = Debug|Any CPU
		{CDC172ED-5092-41B8-AE56-52A978EF7D7D}.Debug|Any CPU.Build.0 = Debug|Any CPU
		{CDC172ED-5092-41B8-AE56-52A978EF7D7D}.Release|Any CPU.ActiveCfg = Release|Any CPU
		{CDC172ED-5092-41B8-AE56-52A978EF7D7D}.Release|Any CPU.Build.0 = Release|Any CPU
	EndGlobalSection
	GlobalSection(SolutionProperties) = preSolution
		HideSolutionNode = FALSE
	EndGlobalSection
	GlobalSection(ExtensibilityGlobals) = postSolution
		SolutionGuid = {F95AFBCE-DA76-4E52-A673-6F9C16011DE5}
	EndGlobalSection
EndGlobal
